
Microsoft Visual Studio Solution File, Format Version 12.00
# Visual Studio Version 16
VisualStudioVersion = 16.0.30717.126
MinimumVisualStudioVersion = 10.0.40219.1
Project("{FAE04EC0-301F-11D3-BF4B-00C04F79EFBC}") = "_11_HataYonetimi", "_11_HataYonetimi\_11_HataYonetimi.csproj", "{53F2EAC9-6A38-49E6-91D9-F667EEC0A9C0}"
EndProject
Global
	GlobalSection(SolutionConfigurationPlatforms) = preSolution
		Debug|Any CPU = Debug|Any CPU
		Release|Any CPU = Release|Any CPU
	EndGlobalSection
	GlobalSection(ProjectConfigurationPlatforms) = postSolution
		{53F2EAC9-6A38-49E6-91D9-F667EEC0A9C0}.Debug|Any CPU.ActiveCfg = Debug|Any CPU
		{53F2EAC9-6A38-49E6-91D9-F667EEC0A9C0}.Debug|Any CPU.Build.0 = Debug|Any CPU
		{53F2EAC9-6A38-49E6-91D9-F667EEC0A9C0}.Release|Any CPU.ActiveCfg = Release|Any CPU
		{53F2EAC9-6A38-49E6-91D9-F667EEC0A9C0}.Release|Any CPU.Build.0 = Release|Any CPU
	EndGlobalSection
	GlobalSection(SolutionProperties) = preSolution
		HideSolutionNode = FALSE
	EndGlobalSection
	GlobalSection(ExtensibilityGlobals) = postSolution
		SolutionGuid = {39216EC9-3587-4CFE-92DC-5C31827A1B2E}
	EndGlobalSection
EndGlobal
