
Microsoft Visual Studio Solution File, Format Version 12.00
# Visual Studio Version 16
VisualStudioVersion = 16.0.30717.126
MinimumVisualStudioVersion = 10.0.40219.1
Project("{FAE04EC0-301F-11D3-BF4B-00C04F79EFBC}") = "_8_Constructors_2", "_8_Constructors_2\_8_Constructors_2.csproj", "{47DF5B2E-10D1-459D-A07F-56EF74791DB5}"
EndProject
Global
	GlobalSection(SolutionConfigurationPlatforms) = preSolution
		Debug|Any CPU = Debug|Any CPU
		Release|Any CPU = Release|Any CPU
	EndGlobalSection
	GlobalSection(ProjectConfigurationPlatforms) = postSolution
		{47DF5B2E-10D1-459D-A07F-56EF74791DB5}.Debug|Any CPU.ActiveCfg = Debug|Any CPU
		{47DF5B2E-10D1-459D-A07F-56EF74791DB5}.Debug|Any CPU.Build.0 = Debug|Any CPU
		{47DF5B2E-10D1-459D-A07F-56EF74791DB5}.Release|Any CPU.ActiveCfg = Release|Any CPU
		{47DF5B2E-10D1-459D-A07F-56EF74791DB5}.Release|Any CPU.Build.0 = Release|Any CPU
	EndGlobalSection
	GlobalSection(SolutionProperties) = preSolution
		HideSolutionNode = FALSE
	EndGlobalSection
	GlobalSection(ExtensibilityGlobals) = postSolution
		SolutionGuid = {2D794999-F661-4254-9F76-757F8F2346CF}
	EndGlobalSection
EndGlobal
