
Microsoft Visual Studio Solution File, Format Version 12.00
# Visual Studio Version 16
VisualStudioVersion = 16.0.30717.126
MinimumVisualStudioVersion = 10.0.40219.1
Project("{FAE04EC0-301F-11D3-BF4B-00C04F79EFBC}") = "RecapDemo_3_SinavYonetimSistemiProje", "RecapDemo_3_SinavYonetimSistemiProje\RecapDemo_3_SinavYonetimSistemiProje.csproj", "{71F4C675-BFDE-4362-B854-DFA870ACDE84}"
EndProject
Global
	GlobalSection(SolutionConfigurationPlatforms) = preSolution
		Debug|Any CPU = Debug|Any CPU
		Release|Any CPU = Release|Any CPU
	EndGlobalSection
	GlobalSection(ProjectConfigurationPlatforms) = postSolution
		{71F4C675-BFDE-4362-B854-DFA870ACDE84}.Debug|Any CPU.ActiveCfg = Debug|Any CPU
		{71F4C675-BFDE-4362-B854-DFA870ACDE84}.Debug|Any CPU.Build.0 = Debug|Any CPU
		{71F4C675-BFDE-4362-B854-DFA870ACDE84}.Release|Any CPU.ActiveCfg = Release|Any CPU
		{71F4C675-BFDE-4362-B854-DFA870ACDE84}.Release|Any CPU.Build.0 = Release|Any CPU
	EndGlobalSection
	GlobalSection(SolutionProperties) = preSolution
		HideSolutionNode = FALSE
	EndGlobalSection
	GlobalSection(ExtensibilityGlobals) = postSolution
		SolutionGuid = {0E745F9D-E19F-408A-B219-C8840EB108FA}
	EndGlobalSection
EndGlobal
