
Microsoft Visual Studio Solution File, Format Version 12.00
# Visual Studio Version 16
VisualStudioVersion = 16.0.30717.126
MinimumVisualStudioVersion = 10.0.40219.1
Project("{FAE04EC0-301F-11D3-BF4B-00C04F79EFBC}") = "RefAnahtarKelimesi", "RefAnahtarKelimesi\RefAnahtarKelimesi.csproj", "{3BC2A2CD-ACE1-4986-AD79-78B870B3DA17}"
EndProject
Global
	GlobalSection(SolutionConfigurationPlatforms) = preSolution
		Debug|Any CPU = Debug|Any CPU
		Release|Any CPU = Release|Any CPU
	EndGlobalSection
	GlobalSection(ProjectConfigurationPlatforms) = postSolution
		{3BC2A2CD-ACE1-4986-AD79-78B870B3DA17}.Debug|Any CPU.ActiveCfg = Debug|Any CPU
		{3BC2A2CD-ACE1-4986-AD79-78B870B3DA17}.Debug|Any CPU.Build.0 = Debug|Any CPU
		{3BC2A2CD-ACE1-4986-AD79-78B870B3DA17}.Release|Any CPU.ActiveCfg = Release|Any CPU
		{3BC2A2CD-ACE1-4986-AD79-78B870B3DA17}.Release|Any CPU.Build.0 = Release|Any CPU
	EndGlobalSection
	GlobalSection(SolutionProperties) = preSolution
		HideSolutionNode = FALSE
	EndGlobalSection
	GlobalSection(ExtensibilityGlobals) = postSolution
		SolutionGuid = {0019C64D-CD51-4E5D-8B4B-3177E12E45E2}
	EndGlobalSection
EndGlobal
