
Microsoft Visual Studio Solution File, Format Version 12.00
# Visual Studio Version 16
VisualStudioVersion = 16.0.30717.126
MinimumVisualStudioVersion = 10.0.40219.1
Project("{FAE04EC0-301F-11D3-BF4B-00C04F79EFBC}") = "Classes_2_VirtualMethods", "Classes_2_VirtualMethods\Classes_2_VirtualMethods.csproj", "{C38C56E4-2F6A-4046-BF7D-854AE7375EA8}"
EndProject
Global
	GlobalSection(SolutionConfigurationPlatforms) = preSolution
		Debug|Any CPU = Debug|Any CPU
		Release|Any CPU = Release|Any CPU
	EndGlobalSection
	GlobalSection(ProjectConfigurationPlatforms) = postSolution
		{C38C56E4-2F6A-4046-BF7D-854AE7375EA8}.Debug|Any CPU.ActiveCfg = Debug|Any CPU
		{C38C56E4-2F6A-4046-BF7D-854AE7375EA8}.Debug|Any CPU.Build.0 = Debug|Any CPU
		{C38C56E4-2F6A-4046-BF7D-854AE7375EA8}.Release|Any CPU.ActiveCfg = Release|Any CPU
		{C38C56E4-2F6A-4046-BF7D-854AE7375EA8}.Release|Any CPU.Build.0 = Release|Any CPU
	EndGlobalSection
	GlobalSection(SolutionProperties) = preSolution
		HideSolutionNode = FALSE
	EndGlobalSection
	GlobalSection(ExtensibilityGlobals) = postSolution
		SolutionGuid = {A24BBEC3-EB41-40D4-A8D4-F1733AF3DDFE}
	EndGlobalSection
EndGlobal
