
Microsoft Visual Studio Solution File, Format Version 12.00
# Visual Studio Version 16
VisualStudioVersion = 16.0.30717.126
MinimumVisualStudioVersion = 10.0.40219.1
Project("{FAE04EC0-301F-11D3-BF4B-00C04F79EFBC}") = "_10_Collections_3_TypeSafe", "_10_Collections_3_TypeSafe\_10_Collections_3_TypeSafe.csproj", "{8A938C97-8305-4EEC-A467-AB1207A24DA2}"
EndProject
Global
	GlobalSection(SolutionConfigurationPlatforms) = preSolution
		Debug|Any CPU = Debug|Any CPU
		Release|Any CPU = Release|Any CPU
	EndGlobalSection
	GlobalSection(ProjectConfigurationPlatforms) = postSolution
		{8A938C97-8305-4EEC-A467-AB1207A24DA2}.Debug|Any CPU.ActiveCfg = Debug|Any CPU
		{8A938C97-8305-4EEC-A467-AB1207A24DA2}.Debug|Any CPU.Build.0 = Debug|Any CPU
		{8A938C97-8305-4EEC-A467-AB1207A24DA2}.Release|Any CPU.ActiveCfg = Release|Any CPU
		{8A938C97-8305-4EEC-A467-AB1207A24DA2}.Release|Any CPU.Build.0 = Release|Any CPU
	EndGlobalSection
	GlobalSection(SolutionProperties) = preSolution
		HideSolutionNode = FALSE
	EndGlobalSection
	GlobalSection(ExtensibilityGlobals) = postSolution
		SolutionGuid = {94D76832-900C-48EF-AB56-C3600682FF92}
	EndGlobalSection
EndGlobal
