
Microsoft Visual Studio Solution File, Format Version 12.00
# Visual Studio Version 16
VisualStudioVersion = 16.0.30717.126
MinimumVisualStudioVersion = 10.0.40219.1
Project("{FAE04EC0-301F-11D3-BF4B-00C04F79EFBC}") = "_6_Classes_4_AbstractClass", "_6_Classes_4_AbstractClass\_6_Classes_4_AbstractClass.csproj", "{D24E9C82-1C22-426A-8B05-645E3016FF2C}"
EndProject
Global
	GlobalSection(SolutionConfigurationPlatforms) = preSolution
		Debug|Any CPU = Debug|Any CPU
		Release|Any CPU = Release|Any CPU
	EndGlobalSection
	GlobalSection(ProjectConfigurationPlatforms) = postSolution
		{D24E9C82-1C22-426A-8B05-645E3016FF2C}.Debug|Any CPU.ActiveCfg = Debug|Any CPU
		{D24E9C82-1C22-426A-8B05-645E3016FF2C}.Debug|Any CPU.Build.0 = Debug|Any CPU
		{D24E9C82-1C22-426A-8B05-645E3016FF2C}.Release|Any CPU.ActiveCfg = Release|Any CPU
		{D24E9C82-1C22-426A-8B05-645E3016FF2C}.Release|Any CPU.Build.0 = Release|Any CPU
	EndGlobalSection
	GlobalSection(SolutionProperties) = preSolution
		HideSolutionNode = FALSE
	EndGlobalSection
	GlobalSection(ExtensibilityGlobals) = postSolution
		SolutionGuid = {BACAED61-521E-49E1-A487-3018CD5AFAF0}
	EndGlobalSection
EndGlobal
