
Microsoft Visual Studio Solution File, Format Version 12.00
# Visual Studio Version 16
VisualStudioVersion = 16.0.30717.126
MinimumVisualStudioVersion = 10.0.40219.1
Project("{FAE04EC0-301F-11D3-BF4B-00C04F79EFBC}") = "_10_Collections_4_Dictionary", "_10_Collections_4_Dictionary\_10_Collections_4_Dictionary.csproj", "{B8C28D9D-EEB6-45AD-BC42-9FAF5CE819CD}"
EndProject
Global
	GlobalSection(SolutionConfigurationPlatforms) = preSolution
		Debug|Any CPU = Debug|Any CPU
		Release|Any CPU = Release|Any CPU
	EndGlobalSection
	GlobalSection(ProjectConfigurationPlatforms) = postSolution
		{B8C28D9D-EEB6-45AD-BC42-9FAF5CE819CD}.Debug|Any CPU.ActiveCfg = Debug|Any CPU
		{B8C28D9D-EEB6-45AD-BC42-9FAF5CE819CD}.Debug|Any CPU.Build.0 = Debug|Any CPU
		{B8C28D9D-EEB6-45AD-BC42-9FAF5CE819CD}.Release|Any CPU.ActiveCfg = Release|Any CPU
		{B8C28D9D-EEB6-45AD-BC42-9FAF5CE819CD}.Release|Any CPU.Build.0 = Release|Any CPU
	EndGlobalSection
	GlobalSection(SolutionProperties) = preSolution
		HideSolutionNode = FALSE
	EndGlobalSection
	GlobalSection(ExtensibilityGlobals) = postSolution
		SolutionGuid = {9454CABD-09EE-499B-8FC0-DDC35D4D92CB}
	EndGlobalSection
EndGlobal
